
Microsoft Visual Studio Solution File, Format Version 12.00
# Visual Studio 15
VisualStudioVersion = 15.0.26430.16
MinimumVisualStudioVersion = 10.0.40219.1
Project("{2150E333-8FDC-42A3-9474-1A3956D46DE8}") = "Screeps", "Screeps", "{E1D39AAE-2DC3-4D01-A8B7-3270A97FA149}"
	ProjectSection(SolutionItems) = preProject
		main.js = main.js
	EndProjectSection
EndProject
Project("{E24C65DC-7377-472B-9ABA-BC803B73C61A}") = "ScreepsAutocomplete", "ScreepsAutocomplete\", "{5B956547-480A-46D0-8A3E-92178BC78719}"
	ProjectSection(WebsiteProperties) = preProject
		TargetFrameworkMoniker = ".NETFramework,Version%3Dv4.0"
		Debug.AspNetCompiler.VirtualPath = "/localhost_57638"
		Debug.AspNetCompiler.PhysicalPath = "ScreepsAutocomplete\"
		Debug.AspNetCompiler.TargetPath = "PrecompiledWeb\localhost_57638\"
		Debug.AspNetCompiler.Updateable = "true"
		Debug.AspNetCompiler.ForceOverwrite = "true"
		Debug.AspNetCompiler.FixedNames = "false"
		Debug.AspNetCompiler.Debug = "True"
		Release.AspNetCompiler.VirtualPath = "/localhost_57638"
		Release.AspNetCompiler.PhysicalPath = "ScreepsAutocomplete\"
		Release.AspNetCompiler.TargetPath = "PrecompiledWeb\localhost_57638\"
		Release.AspNetCompiler.Updateable = "true"
		Release.AspNetCompiler.ForceOverwrite = "true"
		Release.AspNetCompiler.FixedNames = "false"
		Release.AspNetCompiler.Debug = "False"
		VWDPort = "57638"
	EndProjectSection
EndProject
Global
	GlobalSection(SolutionConfigurationPlatforms) = preSolution
		Debug|Any CPU = Debug|Any CPU
	EndGlobalSection
	GlobalSection(ProjectConfigurationPlatforms) = postSolution
		{5B956547-480A-46D0-8A3E-92178BC78719}.Debug|Any CPU.ActiveCfg = Debug|Any CPU
		{5B956547-480A-46D0-8A3E-92178BC78719}.Debug|Any CPU.Build.0 = Debug|Any CPU
	EndGlobalSection
	GlobalSection(SolutionProperties) = preSolution
		HideSolutionNode = FALSE
	EndGlobalSection
EndGlobal
